
Microsoft Visual Studio Solution File, Format Version 12.00
# Visual Studio 15
VisualStudioVersion = 15.0.28307.271
MinimumVisualStudioVersion = 10.0.40219.1
Project("{FAE04EC0-301F-11D3-BF4B-00C04F79EFBC}") = "PrimerParcial", "PrimerParcial\PrimerParcial.csproj", "{872A67CB-2806-4E94-A3D4-9AC946C55475}"
EndProject
Project("{FAE04EC0-301F-11D3-BF4B-00C04F79EFBC}") = "PrimerParcial.Tests", "PrimerParcial.Tests\PrimerParcial.Tests.csproj", "{FC3CFEC4-AB04-422A-98E1-F90CBE13D14F}"
EndProject
Project("{FAE04EC0-301F-11D3-BF4B-00C04F79EFBC}") = "BLL", "BLL\BLL.csproj", "{8DFCB2ED-6E64-4E63-98D4-351DCD284F6E}"
EndProject
Project("{FAE04EC0-301F-11D3-BF4B-00C04F79EFBC}") = "DAL", "DAL\DAL.csproj", "{038520E9-E629-4D66-B7D4-9521B4566B30}"
EndProject
Project("{FAE04EC0-301F-11D3-BF4B-00C04F79EFBC}") = "Entities", "Entities\Entities.csproj", "{067D61BE-176A-4CEA-8458-630D4D6C1CD4}"
EndProject
Global
	GlobalSection(SolutionConfigurationPlatforms) = preSolution
		Debug|Any CPU = Debug|Any CPU
		Release|Any CPU = Release|Any CPU
	EndGlobalSection
	GlobalSection(ProjectConfigurationPlatforms) = postSolution
		{872A67CB-2806-4E94-A3D4-9AC946C55475}.Debug|Any CPU.ActiveCfg = Debug|Any CPU
		{872A67CB-2806-4E94-A3D4-9AC946C55475}.Debug|Any CPU.Build.0 = Debug|Any CPU
		{872A67CB-2806-4E94-A3D4-9AC946C55475}.Release|Any CPU.ActiveCfg = Release|Any CPU
		{872A67CB-2806-4E94-A3D4-9AC946C55475}.Release|Any CPU.Build.0 = Release|Any CPU
		{FC3CFEC4-AB04-422A-98E1-F90CBE13D14F}.Debug|Any CPU.ActiveCfg = Debug|Any CPU
		{FC3CFEC4-AB04-422A-98E1-F90CBE13D14F}.Debug|Any CPU.Build.0 = Debug|Any CPU
		{FC3CFEC4-AB04-422A-98E1-F90CBE13D14F}.Release|Any CPU.ActiveCfg = Release|Any CPU
		{FC3CFEC4-AB04-422A-98E1-F90CBE13D14F}.Release|Any CPU.Build.0 = Release|Any CPU
		{8DFCB2ED-6E64-4E63-98D4-351DCD284F6E}.Debug|Any CPU.ActiveCfg = Debug|Any CPU
		{8DFCB2ED-6E64-4E63-98D4-351DCD284F6E}.Debug|Any CPU.Build.0 = Debug|Any CPU
		{8DFCB2ED-6E64-4E63-98D4-351DCD284F6E}.Release|Any CPU.ActiveCfg = Release|Any CPU
		{8DFCB2ED-6E64-4E63-98D4-351DCD284F6E}.Release|Any CPU.Build.0 = Release|Any CPU
		{038520E9-E629-4D66-B7D4-9521B4566B30}.Debug|Any CPU.ActiveCfg = Debug|Any CPU
		{038520E9-E629-4D66-B7D4-9521B4566B30}.Debug|Any CPU.Build.0 = Debug|Any CPU
		{038520E9-E629-4D66-B7D4-9521B4566B30}.Release|Any CPU.ActiveCfg = Release|Any CPU
		{038520E9-E629-4D66-B7D4-9521B4566B30}.Release|Any CPU.Build.0 = Release|Any CPU
		{067D61BE-176A-4CEA-8458-630D4D6C1CD4}.Debug|Any CPU.ActiveCfg = Debug|Any CPU
		{067D61BE-176A-4CEA-8458-630D4D6C1CD4}.Debug|Any CPU.Build.0 = Debug|Any CPU
		{067D61BE-176A-4CEA-8458-630D4D6C1CD4}.Release|Any CPU.ActiveCfg = Release|Any CPU
		{067D61BE-176A-4CEA-8458-630D4D6C1CD4}.Release|Any CPU.Build.0 = Release|Any CPU
	EndGlobalSection
	GlobalSection(SolutionProperties) = preSolution
		HideSolutionNode = FALSE
	EndGlobalSection
	GlobalSection(ExtensibilityGlobals) = postSolution
		SolutionGuid = {5DCDC1C4-FE46-4E66-89EA-62E21E184C4C}
	EndGlobalSection
EndGlobal
